<?xml version="1.0" encoding="utf-8"?>
<Project ToolsVersion="4.0" xmlns="http://schemas.microsoft.com/developer/msbuild/2003">
  <ItemGroup>
    <Filter Include="Resource Files">
      <UniqueIdentifier>{1a913106-0be0-4476-b0ce-2aa855072614}</UniqueIdentifier>
      <Extensions>ico;cur;bmp;dlg;rc2;rct;bin;cnt;rtf;gif;jpg;jpeg;jpe</Extensions>
    </Filter>
    <Filter Include="MFC">
      <UniqueIdentifier>{da904ee8-7f59-4a6c-b3ff-b91b6fb6d0ea}</UniqueIdentifier>
    </Filter>
    <Filter Include="GameLibrary">
      <UniqueIdentifier>{df7aa532-3fdf-46a0-b3fc-8f5922e8d9e4}</UniqueIdentifier>
    </Filter>
    <Filter Include="MyGame">
      <UniqueIdentifier>{0c798913-b7d2-4e26-8241-0f83266cd626}</UniqueIdentifier>
    </Filter>
  </ItemGroup>
  <ItemGroup>
    <None Include="RES\bmp0.bmp">
      <Filter>Resource Files</Filter>
    </None>
    <None Include="RES\bmp1.bmp">
      <Filter>Resource Files</Filter>
    </None>
    <None Include="RES\bmp10.bmp">
      <Filter>Resource Files</Filter>
    </None>
    <None Include="RES\bmp2.bmp">
      <Filter>Resource Files</Filter>
    </None>
    <None Include="RES\bmp3.bmp">
      <Filter>Resource Files</Filter>
    </None>
    <None Include="RES\bmp4.bmp">
      <Filter>Resource Files</Filter>
    </None>
    <None Include="RES\bmp5.bmp">
      <Filter>Resource Files</Filter>
    </None>
    <None Include="RES\bmp6.bmp">
      <Filter>Resource Files</Filter>
    </None>
    <None Include="RES\bmp7.bmp">
      <Filter>Resource Files</Filter>
    </None>
    <None Include="RES\bmp8.bmp">
      <Filter>Resource Files</Filter>
    </None>
    <None Include="RES\bmp9.bmp">
      <Filter>Resource Files</Filter>
    </None>
    <None Include="RES\center.bmp">
      <Filter>Resource Files</Filter>
    </None>
    <None Include="RES\continue.bmp">
      <Filter>Resource Files</Filter>
    </None>
    <None Include="Res\corner.bmp">
      <Filter>Resource Files</Filter>
    </None>
    <None Include="res\game.ico">
      <Filter>Resource Files</Filter>
    </None>
    <None Include="res\game.rc2">
      <Filter>Resource Files</Filter>
    </None>
    <None Include="RES\gamecurs.cur">
      <Filter>Resource Files</Filter>
    </None>
    <None Include="res\gameDoc.ico">
      <Filter>Resource Files</Filter>
    </None>
    <None Include="RES\loading.bmp">
      <Filter>Resource Files</Filter>
    </None>
    <None Include="res\Toolbar.bmp">
      <Filter>Resource Files</Filter>
    </None>
  </ItemGroup>
  <ItemGroup>
    <ClCompile Include="Source\audio.cpp">
      <Filter>GameLibrary</Filter>
    </ClCompile>
    <ClCompile Include="Source\game.cpp">
      <Filter>MFC</Filter>
    </ClCompile>
    <ClCompile Include="Source\gameDoc.cpp">
      <Filter>MFC</Filter>
    </ClCompile>
    <ClCompile Include="Source\gamelib.cpp">
      <Filter>GameLibrary</Filter>
    </ClCompile>
    <ClCompile Include="Source\gameView.cpp">
      <Filter>MFC</Filter>
    </ClCompile>
    <ClCompile Include="Source\MainFrm.cpp">
      <Filter>MFC</Filter>
    </ClCompile>
    <ClCompile Include="Source\StdAfx.cpp">
      <Filter>MFC</Filter>
    </ClCompile>
    <ClCompile Include="Source\mygame.cpp">
      <Filter>MyGame</Filter>
    </ClCompile>
    <ClCompile Include="Source\GameArea.cpp">
      <Filter>MyGame</Filter>
    </ClCompile>
    <ClCompile Include="Source\Candy.cpp">
      <Filter>MyGame</Filter>
    </ClCompile>
    <ClCompile Include="Source\Stage.cpp">
      <Filter>MyGame</Filter>
    </ClCompile>
    <ClCompile Include="Source\Blast.cpp">
      <Filter>MyGame</Filter>
    </ClCompile>
    <ClCompile Include="Source\ScoreBoard.cpp">
      <Filter>MyGame</Filter>
    </ClCompile>
  </ItemGroup>
  <ItemGroup>
    <ClInclude Include="Source\audio.h">
      <Filter>GameLibrary</Filter>
    </ClInclude>
    <ClInclude Include="Source\game.h">
      <Filter>MFC</Filter>
    </ClInclude>
    <ClInclude Include="Source\gameDoc.h">
      <Filter>MFC</Filter>
    </ClInclude>
    <ClInclude Include="Source\gamelib.h">
      <Filter>GameLibrary</Filter>
    </ClInclude>
    <ClInclude Include="Source\gameView.h">
      <Filter>MFC</Filter>
    </ClInclude>
    <ClInclude Include="Source\MainFrm.h">
      <Filter>MFC</Filter>
    </ClInclude>
    <ClInclude Include="Source\Resource.h">
      <Filter>MFC</Filter>
    </ClInclude>
    <ClInclude Include="Source\StdAfx.h">
      <Filter>MFC</Filter>
    </ClInclude>
    <ClInclude Include="Source\mygame.h">
      <Filter>MyGame</Filter>
    </ClInclude>
    <ClInclude Include="Source\GameArea.h">
      <Filter>MyGame</Filter>
    </ClInclude>
    <ClInclude Include="Source\Candy.h">
      <Filter>MyGame</Filter>
    </ClInclude>
    <ClInclude Include="Source\Stage.h">
      <Filter>MyGame</Filter>
    </ClInclude>
    <ClInclude Include="Source\Blast.h">
      <Filter>MyGame</Filter>
    </ClInclude>
    <ClInclude Include="Source\ScoreBoard.h">
      <Filter>MyGame</Filter>
    </ClInclude>
  </ItemGroup>
  <ItemGroup>
    <ResourceCompile Include="Source\game.rc">
      <Filter>MFC</Filter>
    </ResourceCompile>
  </ItemGroup>
  <ItemGroup>
    <Image Include="res\bmp00001.bmp">
      <Filter>Resource Files</Filter>
    </Image>
    <Image Include="res\bmp00002.bmp">
      <Filter>Resource Files</Filter>
    </Image>
    <Image Include="Bitmaps\inGameBG1.bmp">
      <Filter>Resource Files</Filter>
    </Image>
    <Image Include="res\bmp00003.bmp">
      <Filter>Resource Files</Filter>
    </Image>
    <Image Include="Bitmaps\GreenCandy.bmp">
      <Filter>Resource Files</Filter>
    </Image>
    <Image Include="Bitmaps\InitBackground.bmp">
      <Filter>Resource Files</Filter>
    </Image>
    <Image Include="Bitmaps\ProfileButton.bmp">
      <Filter>Resource Files</Filter>
    </Image>
    <Image Include="Bitmaps\PlayButton.bmp">
      <Filter>Resource Files</Filter>
    </Image>
    <Image Include="Bitmaps\WoodBackground.bmp">
      <Filter>Resource Files</Filter>
    </Image>
    <Image Include="Bitmaps\OrangeCandy.bmp">
      <Filter>Resource Files</Filter>
    </Image>
    <Image Include="Bitmaps\PurpleCandy.bmp">
      <Filter>Resource Files</Filter>
    </Image>
    <Image Include="Bitmaps\RedCandy.bmp">
      <Filter>Resource Files</Filter>
    </Image>
    <Image Include="Bitmaps\SuperCandy.bmp">
      <Filter>Resource Files</Filter>
    </Image>
    <Image Include="Bitmaps\BlueCandy.bmp">
      <Filter>Resource Files</Filter>
    </Image>
    <Image Include="Bitmaps\container.bmp">
      <Filter>Resource Files</Filter>
    </Image>
    <Image Include="Bitmaps\score_board.bmp">
      <Filter>Resource Files</Filter>
    </Image>
    <Image Include="Bitmaps\ClickedBlueCandy.bmp">
      <Filter>Resource Files</Filter>
    </Image>
    <Image Include="Bitmaps\ClickedGreenCandy.bmp">
      <Filter>Resource Files</Filter>
    </Image>
    <Image Include="Bitmaps\ClickedOrangeCandy.bmp">
      <Filter>Resource Files</Filter>
    </Image>
    <Image Include="Bitmaps\ClickedPurpleCandy.bmp">
      <Filter>Resource Files</Filter>
    </Image>
    <Image Include="Bitmaps\ClickedRedCandy.bmp">
      <Filter>Resource Files</Filter>
    </Image>
    <Image Include="Bitmaps\ClickedSuperCandy.bmp">
      <Filter>Resource Files</Filter>
    </Image>
    <Image Include="Bitmaps\ClickedP1GreenCandy.bmp">
      <Filter>Resource Files</Filter>
    </Image>
    <Image Include="Bitmaps\ClickedP1OrangeCandy.bmp">
      <Filter>Resource Files</Filter>
    </Image>
    <Image Include="Bitmaps\ClickedP1PurpleCandy.bmp">
      <Filter>Resource Files</Filter>
    </Image>
    <Image Include="Bitmaps\ClickedP1RedCandy.bmp">
      <Filter>Resource Files</Filter>
    </Image>
    <Image Include="Bitmaps\ClickedP2BlueCandy.bmp">
      <Filter>Resource Files</Filter>
    </Image>
    <Image Include="Bitmaps\ClickedP2GreenCandy.bmp">
      <Filter>Resource Files</Filter>
    </Image>
    <Image Include="Bitmaps\ClickedP2OrangeCandy.bmp">
      <Filter>Resource Files</Filter>
    </Image>
    <Image Include="Bitmaps\ClickedP2PurpleCandy.bmp">
      <Filter>Resource Files</Filter>
    </Image>
    <Image Include="Bitmaps\ClickedP2RedCandy.bmp">
      <Filter>Resource Files</Filter>
    </Image>
    <Image Include="Bitmaps\ClickedP3BlueCandy.bmp">
      <Filter>Resource Files</Filter>
    </Image>
    <Image Include="Bitmaps\ClickedP3GreenCandy.bmp">
      <Filter>Resource Files</Filter>
    </Image>
    <Image Include="Bitmaps\ClickedP3OrangeCandy.bmp">
      <Filter>Resource Files</Filter>
    </Image>
    <Image Include="Bitmaps\ClickedP3PurpleCandy.bmp">
      <Filter>Resource Files</Filter>
    </Image>
    <Image Include="Bitmaps\ClickedP3RedCandy.bmp">
      <Filter>Resource Files</Filter>
    </Image>
    <Image Include="Bitmaps\ClickedP1BlueCandy.bmp">
      <Filter>Resource Files</Filter>
    </Image>
    <Image Include="Bitmaps\P1BlueCandy.bmp">
      <Filter>Resource Files</Filter>
    </Image>
    <Image Include="Bitmaps\P1GreenCandy.bmp">
      <Filter>Resource Files</Filter>
    </Image>
    <Image Include="Bitmaps\P1OrangeCandy.bmp">
      <Filter>Resource Files</Filter>
    </Image>
    <Image Include="Bitmaps\P1PurpleCandy.bmp">
      <Filter>Resource Files</Filter>
    </Image>
    <Image Include="Bitmaps\P1RedCandy.bmp">
      <Filter>Resource Files</Filter>
    </Image>
    <Image Include="Bitmaps\P2BlueCandy.bmp">
      <Filter>Resource Files</Filter>
    </Image>
    <Image Include="Bitmaps\P2GreenCandy.bmp">
      <Filter>Resource Files</Filter>
    </Image>
    <Image Include="Bitmaps\P2OrangeCandy.bmp">
      <Filter>Resource Files</Filter>
    </Image>
    <Image Include="Bitmaps\P2PurpleCandy.bmp">
      <Filter>Resource Files</Filter>
    </Image>
    <Image Include="Bitmaps\P2RedCandy.bmp">
      <Filter>Resource Files</Filter>
    </Image>
    <Image Include="Bitmaps\P3BlueCandy.bmp">
      <Filter>Resource Files</Filter>
    </Image>
    <Image Include="Bitmaps\P3GreenCandy.bmp">
      <Filter>Resource Files</Filter>
    </Image>
    <Image Include="Bitmaps\P3OrangeCandy.bmp">
      <Filter>Resource Files</Filter>
    </Image>
    <Image Include="Bitmaps\P3PurpleCandy.bmp">
      <Filter>Resource Files</Filter>
    </Image>
    <Image Include="Bitmaps\P3RedCandy.bmp">
      <Filter>Resource Files</Filter>
    </Image>
    <Image Include="Bitmaps\ScoreBar.bmp">
      <Filter>Resource Files</Filter>
    </Image>
    <Image Include="res\bitmap3.bmp">
      <Filter>Resource Files</Filter>
    </Image>
    <Image Include="Bitmaps\stage_map.bmp">
      <Filter>Resource Files</Filter>
    </Image>
    <Image Include="Bitmaps\YellowCandy.bmp">
      <Filter>Resource Files</Filter>
    </Image>
    <Image Include="Bitmaps\ClickedYellowCandy.bmp">
      <Filter>Resource Files</Filter>
    </Image>
    <Image Include="Bitmaps\P1YellowCandy.bmp">
      <Filter>Resource Files</Filter>
    </Image>
    <Image Include="Bitmaps\ClickedP1YellowCandy.bmp">
      <Filter>Resource Files</Filter>
    </Image>
    <Image Include="Bitmaps\P2YellowCandy.bmp">
      <Filter>Resource Files</Filter>
    </Image>
    <Image Include="Bitmaps\ClickedP2YellowCandy.bmp">
      <Filter>Resource Files</Filter>
    </Image>
    <Image Include="Bitmaps\P3YellowCandy.bmp">
      <Filter>Resource Files</Filter>
    </Image>
    <Image Include="Bitmaps\ClickedP3YellowCandy.bmp">
      <Filter>Resource Files</Filter>
    </Image>
    <Image Include="bitmaps\bitmap3.bmp">
      <Filter>Resource Files</Filter>
    </Image>
    <Image Include="bitmaps\bmp00001.bmp">
      <Filter>Resource Files</Filter>
    </Image>
    <Image Include="Bitmaps\RedCandy1.bmp">
      <Filter>Resource Files</Filter>
    </Image>
    <Image Include="Bitmaps\RedCandy2.bmp">
      <Filter>Resource Files</Filter>
    </Image>
    <Image Include="Bitmaps\RedCandy3.bmp">
      <Filter>Resource Files</Filter>
    </Image>
    <Image Include="Bitmaps\RedCandy4.bmp">
      <Filter>Resource Files</Filter>
    </Image>
    <Image Include="Bitmaps\OrangeCandy1.bmp">
      <Filter>Resource Files</Filter>
    </Image>
    <Image Include="Bitmaps\OrangeCandy2.bmp">
      <Filter>Resource Files</Filter>
    </Image>
    <Image Include="Bitmaps\OrangeCandy3.bmp">
      <Filter>Resource Files</Filter>
    </Image>
    <Image Include="Bitmaps\OrangeCandy4.bmp">
      <Filter>Resource Files</Filter>
    </Image>
    <Image Include="Bitmaps\GreenCandy1.bmp">
      <Filter>Resource Files</Filter>
    </Image>
    <Image Include="Bitmaps\GreenCandy2.bmp">
      <Filter>Resource Files</Filter>
    </Image>
    <Image Include="Bitmaps\GreenCandy3.bmp">
      <Filter>Resource Files</Filter>
    </Image>
    <Image Include="Bitmaps\GreenCandy4.bmp">
      <Filter>Resource Files</Filter>
    </Image>
    <Image Include="Bitmaps\BlueCandy1.bmp">
      <Filter>Resource Files</Filter>
    </Image>
    <Image Include="Bitmaps\BlueCandy2.bmp">
      <Filter>Resource Files</Filter>
    </Image>
    <Image Include="Bitmaps\BlueCandy3.bmp">
      <Filter>Resource Files</Filter>
    </Image>
    <Image Include="Bitmaps\BlueCandy4.bmp">
      <Filter>Resource Files</Filter>
    </Image>
    <Image Include="Bitmaps\PurpleCandy1.bmp">
      <Filter>Resource Files</Filter>
    </Image>
    <Image Include="Bitmaps\PurpleCandy2.bmp">
      <Filter>Resource Files</Filter>
    </Image>
    <Image Include="Bitmaps\PurpleCandy3.bmp">
      <Filter>Resource Files</Filter>
    </Image>
    <Image Include="Bitmaps\PurpleCandy4.bmp">
      <Filter>Resource Files</Filter>
    </Image>
    <Image Include="Bitmaps\YellowCandy1.bmp">
      <Filter>Resource Files</Filter>
    </Image>
    <Image Include="Bitmaps\YellowCandy2.bmp">
      <Filter>Resource Files</Filter>
    </Image>
    <Image Include="Bitmaps\YellowCandy3.bmp">
      <Filter>Resource Files</Filter>
    </Image>
    <Image Include="Bitmaps\YellowCandy4.bmp">
      <Filter>Resource Files</Filter>
    </Image>
    <Image Include="Bitmaps\NormalExplode1.bmp">
      <Filter>Resource Files</Filter>
    </Image>
    <Image Include="Bitmaps\NormalExplode2.bmp">
      <Filter>Resource Files</Filter>
    </Image>
    <Image Include="Bitmaps\NormalExplode3.bmp">
      <Filter>Resource Files</Filter>
    </Image>
    <Image Include="Bitmaps\NormalExplode4.bmp">
      <Filter>Resource Files</Filter>
    </Image>
    <Image Include="Bitmaps\NormalExplode5.bmp">
      <Filter>Resource Files</Filter>
    </Image>
    <Image Include="Bitmaps\NormalExplode6.bmp">
      <Filter>Resource Files</Filter>
    </Image>
    <Image Include="Bitmaps\NormalExplode7.bmp">
      <Filter>Resource Files</Filter>
    </Image>
    <Image Include="Bitmaps\NormalExplode8.bmp">
      <Filter>Resource Files</Filter>
    </Image>
    <Image Include="Bitmaps\NormalExplode9.bmp">
      <Filter>Resource Files</Filter>
    </Image>
    <Image Include="Bitmaps\NormalExplode10.bmp">
      <Filter>Resource Files</Filter>
    </Image>
    <Image Include="Bitmaps\RedExplode1.bmp">
      <Filter>Resource Files</Filter>
    </Image>
    <Image Include="Bitmaps\RedExplode2.bmp">
      <Filter>Resource Files</Filter>
    </Image>
    <Image Include="Bitmaps\RedExplode3.bmp">
      <Filter>Resource Files</Filter>
    </Image>
    <Image Include="Bitmaps\RedExplode4.bmp">
      <Filter>Resource Files</Filter>
    </Image>
    <Image Include="Bitmaps\RedExplode5.bmp">
      <Filter>Resource Files</Filter>
    </Image>
    <Image Include="Bitmaps\RedExplode6.bmp">
      <Filter>Resource Files</Filter>
    </Image>
    <Image Include="Bitmaps\RedExplode7.bmp">
      <Filter>Resource Files</Filter>
    </Image>
    <Image Include="Bitmaps\RedExplode8.bmp">
      <Filter>Resource Files</Filter>
    </Image>
    <Image Include="Bitmaps\RedExplode9.bmp">
      <Filter>Resource Files</Filter>
    </Image>
    <Image Include="Bitmaps\RedExplode10.bmp">
      <Filter>Resource Files</Filter>
    </Image>
    <Image Include="Bitmaps\OrangeExplode1.bmp">
      <Filter>Resource Files</Filter>
    </Image>
    <Image Include="Bitmaps\OrangeExplode2.bmp">
      <Filter>Resource Files</Filter>
    </Image>
    <Image Include="Bitmaps\OrangeExplode3.bmp">
      <Filter>Resource Files</Filter>
    </Image>
    <Image Include="Bitmaps\OrangeExplode4.bmp">
      <Filter>Resource Files</Filter>
    </Image>
    <Image Include="Bitmaps\OrangeExplode5.bmp">
      <Filter>Resource Files</Filter>
    </Image>
    <Image Include="Bitmaps\OrangeExplode6.bmp">
      <Filter>Resource Files</Filter>
    </Image>
    <Image Include="Bitmaps\OrangeExplode7.bmp">
      <Filter>Resource Files</Filter>
    </Image>
    <Image Include="Bitmaps\OrangeExplode8.bmp">
      <Filter>Resource Files</Filter>
    </Image>
    <Image Include="Bitmaps\OrangeExplode9.bmp">
      <Filter>Resource Files</Filter>
    </Image>
    <Image Include="Bitmaps\OrangeExplode10.bmp">
      <Filter>Resource Files</Filter>
    </Image>
    <Image Include="Bitmaps\YellowExplode1.bmp">
      <Filter>Resource Files</Filter>
    </Image>
    <Image Include="Bitmaps\YellowExplode2.bmp">
      <Filter>Resource Files</Filter>
    </Image>
    <Image Include="Bitmaps\YellowExplode3.bmp">
      <Filter>Resource Files</Filter>
    </Image>
    <Image Include="Bitmaps\YellowExplode4.bmp">
      <Filter>Resource Files</Filter>
    </Image>
    <Image Include="Bitmaps\YellowExplode5.bmp">
      <Filter>Resource Files</Filter>
    </Image>
    <Image Include="Bitmaps\YellowExplode6.bmp">
      <Filter>Resource Files</Filter>
    </Image>
    <Image Include="Bitmaps\YellowExplode7.bmp">
      <Filter>Resource Files</Filter>
    </Image>
    <Image Include="Bitmaps\YellowExplode8.bmp">
      <Filter>Resource Files</Filter>
    </Image>
    <Image Include="Bitmaps\YellowExplode9.bmp">
      <Filter>Resource Files</Filter>
    </Image>
    <Image Include="Bitmaps\YellowExplode10.bmp">
      <Filter>Resource Files</Filter>
    </Image>
    <Image Include="Bitmaps\GreenExplode1.bmp">
      <Filter>Resource Files</Filter>
    </Image>
    <Image Include="Bitmaps\GreenExplode2.bmp">
      <Filter>Resource Files</Filter>
    </Image>
    <Image Include="Bitmaps\GreenExplode3.bmp">
      <Filter>Resource Files</Filter>
    </Image>
    <Image Include="Bitmaps\GreenExplode4.bmp">
      <Filter>Resource Files</Filter>
    </Image>
    <Image Include="Bitmaps\GreenExplode5.bmp">
      <Filter>Resource Files</Filter>
    </Image>
    <Image Include="Bitmaps\GreenExplode6.bmp">
      <Filter>Resource Files</Filter>
    </Image>
    <Image Include="Bitmaps\GreenExplode7.bmp">
      <Filter>Resource Files</Filter>
    </Image>
    <Image Include="Bitmaps\GreenExplode8.bmp">
      <Filter>Resource Files</Filter>
    </Image>
    <Image Include="Bitmaps\GreenExplode9.bmp">
      <Filter>Resource Files</Filter>
    </Image>
    <Image Include="Bitmaps\GreenExplode10.bmp">
      <Filter>Resource Files</Filter>
    </Image>
    <Image Include="Bitmaps\BlueExplode1.bmp">
      <Filter>Resource Files</Filter>
    </Image>
    <Image Include="Bitmaps\BlueExplode2.bmp">
      <Filter>Resource Files</Filter>
    </Image>
    <Image Include="Bitmaps\BlueExplode3.bmp">
      <Filter>Resource Files</Filter>
    </Image>
    <Image Include="Bitmaps\BlueExplode4.bmp">
      <Filter>Resource Files</Filter>
    </Image>
    <Image Include="Bitmaps\BlueExplode5.bmp">
      <Filter>Resource Files</Filter>
    </Image>
    <Image Include="Bitmaps\BlueExplode6.bmp">
      <Filter>Resource Files</Filter>
    </Image>
    <Image Include="Bitmaps\BlueExplode7.bmp">
      <Filter>Resource Files</Filter>
    </Image>
    <Image Include="Bitmaps\BlueExplode8.bmp">
      <Filter>Resource Files</Filter>
    </Image>
    <Image Include="Bitmaps\BlueExplode9.bmp">
      <Filter>Resource Files</Filter>
    </Image>
    <Image Include="Bitmaps\BlueExplode10.bmp">
      <Filter>Resource Files</Filter>
    </Image>
    <Image Include="Bitmaps\PurpleExplode1.bmp">
      <Filter>Resource Files</Filter>
    </Image>
    <Image Include="Bitmaps\PurpleExplode2.bmp">
      <Filter>Resource Files</Filter>
    </Image>
    <Image Include="Bitmaps\PurpleExplode3.bmp">
      <Filter>Resource Files</Filter>
    </Image>
    <Image Include="Bitmaps\PurpleExplode4.bmp">
      <Filter>Resource Files</Filter>
    </Image>
    <Image Include="Bitmaps\PurpleExplode5.bmp">
      <Filter>Resource Files</Filter>
    </Image>
    <Image Include="Bitmaps\PurpleExplode6.bmp">
      <Filter>Resource Files</Filter>
    </Image>
    <Image Include="Bitmaps\PurpleExplode7.bmp">
      <Filter>Resource Files</Filter>
    </Image>
    <Image Include="Bitmaps\PurpleExplode8.bmp">
      <Filter>Resource Files</Filter>
    </Image>
    <Image Include="Bitmaps\PurpleExplode9.bmp">
      <Filter>Resource Files</Filter>
    </Image>
    <Image Include="Bitmaps\PurpleExplode10.bmp">
      <Filter>Resource Files</Filter>
    </Image>
    <Image Include="Bitmaps\shatter1_RED.bmp">
      <Filter>Resource Files</Filter>
    </Image>
    <Image Include="Bitmaps\shatter2_RED.bmp">
      <Filter>Resource Files</Filter>
    </Image>
    <Image Include="Bitmaps\shatter3_RED.bmp">
      <Filter>Resource Files</Filter>
    </Image>
    <Image Include="Bitmaps\shatter4_RED.bmp">
      <Filter>Resource Files</Filter>
    </Image>
    <Image Include="Bitmaps\shatter5_RED.bmp">
      <Filter>Resource Files</Filter>
    </Image>
    <Image Include="Bitmaps\shatter6_RED.bmp">
      <Filter>Resource Files</Filter>
    </Image>
    <Image Include="Bitmaps\shatter7_RED.bmp">
      <Filter>Resource Files</Filter>
    </Image>
    <Image Include="Bitmaps\shatter8_RED.bmp">
      <Filter>Resource Files</Filter>
    </Image>
    <Image Include="Bitmaps\shatter9_RED.bmp">
      <Filter>Resource Files</Filter>
    </Image>
    <Image Include="Bitmaps\shatter10_RED.bmp">
      <Filter>Resource Files</Filter>
    </Image>
    <Image Include="Bitmaps\shatter11_RED.bmp">
      <Filter>Resource Files</Filter>
    </Image>
    <Image Include="Bitmaps\shatter12_RED.bmp">
      <Filter>Resource Files</Filter>
    </Image>
    <Image Include="Bitmaps\shatter13_RED.bmp">
      <Filter>Resource Files</Filter>
    </Image>
    <Image Include="Bitmaps\shatter14_RED.bmp">
      <Filter>Resource Files</Filter>
    </Image>
    <Image Include="Bitmaps\shatter15_RED.bmp">
      <Filter>Resource Files</Filter>
    </Image>
    <Image Include="Bitmaps\shatter1_ORG.bmp">
      <Filter>Resource Files</Filter>
    </Image>
    <Image Include="Bitmaps\shatter2_ORG.bmp">
      <Filter>Resource Files</Filter>
    </Image>
    <Image Include="Bitmaps\shatter3_ORG.bmp">
      <Filter>Resource Files</Filter>
    </Image>
    <Image Include="Bitmaps\shatter4_ORG.bmp">
      <Filter>Resource Files</Filter>
    </Image>
    <Image Include="Bitmaps\shatter5_ORG.bmp">
      <Filter>Resource Files</Filter>
    </Image>
    <Image Include="Bitmaps\shatter6_ORG.bmp">
      <Filter>Resource Files</Filter>
    </Image>
    <Image Include="Bitmaps\shatter7_ORG.bmp">
      <Filter>Resource Files</Filter>
    </Image>
    <Image Include="Bitmaps\shatter8_ORG.bmp">
      <Filter>Resource Files</Filter>
    </Image>
    <Image Include="Bitmaps\shatter9_ORG.bmp">
      <Filter>Resource Files</Filter>
    </Image>
    <Image Include="Bitmaps\shatter10_ORG.bmp">
      <Filter>Resource Files</Filter>
    </Image>
    <Image Include="Bitmaps\shatter11_ORG.bmp">
      <Filter>Resource Files</Filter>
    </Image>
    <Image Include="Bitmaps\shatter12_ORG.bmp">
      <Filter>Resource Files</Filter>
    </Image>
    <Image Include="Bitmaps\shatter13_ORG.bmp">
      <Filter>Resource Files</Filter>
    </Image>
    <Image Include="Bitmaps\shatter14_ORG.bmp">
      <Filter>Resource Files</Filter>
    </Image>
    <Image Include="Bitmaps\shatter15_ORG.bmp">
      <Filter>Resource Files</Filter>
    </Image>
    <Image Include="Bitmaps\shatter1_YEL.bmp">
      <Filter>Resource Files</Filter>
    </Image>
    <Image Include="Bitmaps\shatter2_YEL.bmp">
      <Filter>Resource Files</Filter>
    </Image>
    <Image Include="Bitmaps\shatter3_YEL.bmp">
      <Filter>Resource Files</Filter>
    </Image>
    <Image Include="Bitmaps\shatter4_YEL.bmp">
      <Filter>Resource Files</Filter>
    </Image>
    <Image Include="Bitmaps\shatter5_YEL.bmp">
      <Filter>Resource Files</Filter>
    </Image>
    <Image Include="Bitmaps\shatter6_YEL.bmp">
      <Filter>Resource Files</Filter>
    </Image>
    <Image Include="Bitmaps\shatter7_YEL.bmp">
      <Filter>Resource Files</Filter>
    </Image>
    <Image Include="Bitmaps\shatter8_YEL.bmp">
      <Filter>Resource Files</Filter>
    </Image>
    <Image Include="Bitmaps\shatter9_YEL.bmp">
      <Filter>Resource Files</Filter>
    </Image>
    <Image Include="Bitmaps\shatter10_YEL.bmp">
      <Filter>Resource Files</Filter>
    </Image>
    <Image Include="Bitmaps\shatter11_YEL.bmp">
      <Filter>Resource Files</Filter>
    </Image>
    <Image Include="Bitmaps\shatter12_YEL.bmp">
      <Filter>Resource Files</Filter>
    </Image>
    <Image Include="Bitmaps\shatter13_YEL.bmp">
      <Filter>Resource Files</Filter>
    </Image>
    <Image Include="Bitmaps\shatter14_YEL.bmp">
      <Filter>Resource Files</Filter>
    </Image>
    <Image Include="Bitmaps\shatter15_YEL.bmp">
      <Filter>Resource Files</Filter>
    </Image>
    <Image Include="Bitmaps\shatter1_GRE.bmp">
      <Filter>Resource Files</Filter>
    </Image>
    <Image Include="Bitmaps\shatter2_GRE.bmp">
      <Filter>Resource Files</Filter>
    </Image>
    <Image Include="Bitmaps\shatter3_GRE.bmp">
      <Filter>Resource Files</Filter>
    </Image>
    <Image Include="Bitmaps\shatter4_GRE.bmp">
      <Filter>Resource Files</Filter>
    </Image>
    <Image Include="Bitmaps\shatter5_GRE.bmp">
      <Filter>Resource Files</Filter>
    </Image>
    <Image Include="Bitmaps\shatter6_GRE.bmp">
      <Filter>Resource Files</Filter>
    </Image>
    <Image Include="Bitmaps\shatter7_GRE.bmp">
      <Filter>Resource Files</Filter>
    </Image>
    <Image Include="Bitmaps\shatter8_GRE.bmp">
      <Filter>Resource Files</Filter>
    </Image>
    <Image Include="Bitmaps\shatter9_GRE.bmp">
      <Filter>Resource Files</Filter>
    </Image>
    <Image Include="Bitmaps\shatter10_GRE.bmp">
      <Filter>Resource Files</Filter>
    </Image>
    <Image Include="Bitmaps\shatter11_GRE.bmp">
      <Filter>Resource Files</Filter>
    </Image>
    <Image Include="Bitmaps\shatter12_GRE.bmp">
      <Filter>Resource Files</Filter>
    </Image>
    <Image Include="Bitmaps\shatter13_GRE.bmp">
      <Filter>Resource Files</Filter>
    </Image>
    <Image Include="Bitmaps\shatter14_GRE.bmp">
      <Filter>Resource Files</Filter>
    </Image>
    <Image Include="Bitmaps\shatter15_GRE.bmp">
      <Filter>Resource Files</Filter>
    </Image>
    <Image Include="Bitmaps\shatter1_BLU.bmp">
      <Filter>Resource Files</Filter>
    </Image>
    <Image Include="Bitmaps\shatter2_BLU.bmp">
      <Filter>Resource Files</Filter>
    </Image>
    <Image Include="Bitmaps\shatter3_BLU.bmp">
      <Filter>Resource Files</Filter>
    </Image>
    <Image Include="Bitmaps\shatter4_BLU.bmp">
      <Filter>Resource Files</Filter>
    </Image>
    <Image Include="Bitmaps\shatter5_BLU.bmp">
      <Filter>Resource Files</Filter>
    </Image>
    <Image Include="Bitmaps\shatter6_BLU.bmp">
      <Filter>Resource Files</Filter>
    </Image>
    <Image Include="Bitmaps\shatter7_BLU.bmp">
      <Filter>Resource Files</Filter>
    </Image>
    <Image Include="Bitmaps\shatter8_BLU.bmp">
      <Filter>Resource Files</Filter>
    </Image>
    <Image Include="Bitmaps\shatter9_BLU.bmp">
      <Filter>Resource Files</Filter>
    </Image>
    <Image Include="Bitmaps\shatter10_BLU.bmp">
      <Filter>Resource Files</Filter>
    </Image>
    <Image Include="Bitmaps\shatter11_BLU.bmp">
      <Filter>Resource Files</Filter>
    </Image>
    <Image Include="Bitmaps\shatter12_BLU.bmp">
      <Filter>Resource Files</Filter>
    </Image>
    <Image Include="Bitmaps\shatter13_BLU.bmp">
      <Filter>Resource Files</Filter>
    </Image>
    <Image Include="Bitmaps\shatter14_BLU.bmp">
      <Filter>Resource Files</Filter>
    </Image>
    <Image Include="Bitmaps\shatter15_BLU.bmp">
      <Filter>Resource Files</Filter>
    </Image>
    <Image Include="Bitmaps\shatter1_PUR.bmp">
      <Filter>Resource Files</Filter>
    </Image>
    <Image Include="Bitmaps\shatter2_PUR.bmp">
      <Filter>Resource Files</Filter>
    </Image>
    <Image Include="Bitmaps\shatter3_PUR.bmp">
      <Filter>Resource Files</Filter>
    </Image>
    <Image Include="Bitmaps\shatter4_PUR.bmp">
      <Filter>Resource Files</Filter>
    </Image>
    <Image Include="Bitmaps\shatter5_PUR.bmp">
      <Filter>Resource Files</Filter>
    </Image>
    <Image Include="Bitmaps\shatter6_PUR.bmp">
      <Filter>Resource Files</Filter>
    </Image>
    <Image Include="Bitmaps\shatter7_PUR.bmp">
      <Filter>Resource Files</Filter>
    </Image>
    <Image Include="Bitmaps\shatter8_PUR.bmp">
      <Filter>Resource Files</Filter>
    </Image>
    <Image Include="Bitmaps\shatter9_PUR.bmp">
      <Filter>Resource Files</Filter>
    </Image>
    <Image Include="Bitmaps\shatter10_PUR.bmp">
      <Filter>Resource Files</Filter>
    </Image>
    <Image Include="Bitmaps\shatter11_PUR.bmp">
      <Filter>Resource Files</Filter>
    </Image>
    <Image Include="Bitmaps\shatter12_PUR.bmp">
      <Filter>Resource Files</Filter>
    </Image>
    <Image Include="Bitmaps\shatter13_PUR.bmp">
      <Filter>Resource Files</Filter>
    </Image>
    <Image Include="Bitmaps\shatter14_PUR.bmp">
      <Filter>Resource Files</Filter>
    </Image>
    <Image Include="Bitmaps\shatter15_PUR.bmp">
      <Filter>Resource Files</Filter>
    </Image>
    <Image Include="Bitmaps\YellowStar1.bmp">
      <Filter>Resource Files</Filter>
    </Image>
    <Image Include="Bitmaps\EmptyStar2.bmp">
      <Filter>Resource Files</Filter>
    </Image>
    <Image Include="Bitmaps\EmptyStar1.bmp">
      <Filter>Resource Files</Filter>
    </Image>
    <Image Include="Bitmaps\RedStar1.bmp">
      <Filter>Resource Files</Filter>
    </Image>
    <Image Include="Bitmaps\GreenStar1.bmp">
      <Filter>Resource Files</Filter>
    </Image>
    <Image Include="Bitmaps\Unlock_Level .bmp">
      <Filter>Resource Files</Filter>
    </Image>
    <Image Include="Bitmaps\Tiffy_9.bmp">
      <Filter>Resource Files</Filter>
    </Image>
    <Image Include="Bitmaps\Tiffy_8.bmp">
      <Filter>Resource Files</Filter>
    </Image>
    <Image Include="Bitmaps\Tiffy_7.bmp">
      <Filter>Resource Files</Filter>
    </Image>
    <Image Include="Bitmaps\Tiffy_6.bmp">
      <Filter>Resource Files</Filter>
    </Image>
    <Image Include="Bitmaps\Tiffy_5.bmp">
      <Filter>Resource Files</Filter>
    </Image>
    <Image Include="Bitmaps\Tiffy_4.bmp">
      <Filter>Resource Files</Filter>
    </Image>
    <Image Include="Bitmaps\Tiffy_3.bmp">
      <Filter>Resource Files</Filter>
    </Image>
    <Image Include="Bitmaps\Tiffy_2.bmp">
      <Filter>Resource Files</Filter>
    </Image>
    <Image Include="Bitmaps\Tiffy_1.bmp">
      <Filter>Resource Files</Filter>
    </Image>
    <Image Include="Bitmaps\Tiffy_0.bmp">
      <Filter>Resource Files</Filter>
    </Image>
    <Image Include="Bitmaps\ContainerStar.bmp">
      <Filter>Resource Files</Filter>
    </Image>
    <Image Include="Bitmaps\ExitButton.bmp">
      <Filter>Resource Files</Filter>
    </Image>
    <Image Include="Bitmaps\RetryButton.bmp">
      <Filter>Resource Files</Filter>
    </Image>
    <Image Include="Bitmaps\score_state_over.bmp">
      <Filter>Resource Files</Filter>
    </Image>
    <Image Include="Bitmaps\NextButton.bmp">
      <Filter>Resource Files</Filter>
    </Image>
    <Image Include="RES\bmp2_0.bmp">
      <Filter>Resource Files</Filter>
    </Image>
    <Image Include="RES\bmp2_1.bmp">
      <Filter>Resource Files</Filter>
    </Image>
    <Image Include="RES\bmp2_2.bmp">
      <Filter>Resource Files</Filter>
    </Image>
    <Image Include="RES\bmp2_3.bmp">
      <Filter>Resource Files</Filter>
    </Image>
    <Image Include="RES\bmp2_4.bmp">
      <Filter>Resource Files</Filter>
    </Image>
    <Image Include="RES\bmp2_5.bmp">
      <Filter>Resource Files</Filter>
    </Image>
    <Image Include="RES\bmp2_6.bmp">
      <Filter>Resource Files</Filter>
    </Image>
    <Image Include="RES\bmp2_7.bmp">
      <Filter>Resource Files</Filter>
    </Image>
    <Image Include="RES\bmp2_8.bmp">
      <Filter>Resource Files</Filter>
    </Image>
    <Image Include="RES\bmp2_9.bmp">
      <Filter>Resource Files</Filter>
    </Image>
  </ItemGroup>
</Project>